// !$*UTF8*$!
{
	archiveVersion = 1;
	classes = {
	};
	objectVersion = 77;
	objects = {

/* Begin PBXBuildFile section */
		2BBDFE4F2F2846CF0045766E /* ContentView.swift in Sources */ = {isa = PBXBuildFile; fileRef = 2BBDFE4C2F2846CF0045766E /* ContentView.swift */; };
		2BBDFE502F2846CF0045766E /* ShotSpotFinderApp.swift in Sources */ = {isa = PBXBuildFile; fileRef = 2BBDFE4D2F2846CF0045766E /* ShotSpotFinderApp.swift */; };
		2BBDFE512F2846CF0045766E /* Assets.xcassets in Resources */ = {isa = PBXBuildFile; fileRef = 2BBDFE4B2F2846CF0045766E /* Assets.xcassets */; };
		2BBDFE582F284C5F0045766E /* SpotListView.swift in Sources */ = {isa = PBXBuildFile; fileRef = 2BBDFE572F284B120045766E /* SpotListView.swift */; };
		2BBDFE592F284C6F0045766E /* SpotListViewModel.swift in Sources */ = {isa = PBXBuildFile; fileRef = 2BBDFE562F284AD50045766E /* SpotListViewModel.swift */; };
		2BBDFE5A2F284C790045766E /* APIService.swift in Sources */ = {isa = PBXBuildFile; fileRef = 2BBDFE532F2848FA0045766E /* APIService.swift */; };
		2BBDFE5B2F284C830045766E /* PhotoSpot.swift in Sources */ = {isa = PBXBuildFile; fileRef = 2BBDFE522F2847080045766E /* PhotoSpot.swift */; };
/* End PBXBuildFile section */

/* Begin PBXFileReference section */
		2BBDFE4B2F2846CF0045766E /* Assets.xcassets */ = {isa = PBXFileReference; lastKnownFileType = folder.assetcatalog; path = Assets.xcassets; sourceTree = "<group>"; };
		2BBDFE4C2F2846CF0045766E /* ContentView.swift */ = {isa = PBXFileReference; lastKnownFileType = sourcecode.swift; path = ContentView.swift; sourceTree = "<group>"; };
		2BBDFE4D2F2846CF0045766E /* ShotSpotFinderApp.swift */ = {isa = PBXFileReference; lastKnownFileType = sourcecode.swift; path = ShotSpotFinderApp.swift; sourceTree = "<group>"; };
		2BBDFE522F2847080045766E /* PhotoSpot.swift */ = {isa = PBXFileReference; lastKnownFileType = sourcecode.swift; path = PhotoSpot.swift; sourceTree = "<group>"; };
		2BBDFE532F2848FA0045766E /* APIService.swift */ = {isa = PBXFileReference; lastKnownFileType = sourcecode.swift; path = APIService.swift; sourceTree = "<group>"; };
		2BBDFE542F284A270045766E /* ShotSpotFinder.app */ = {isa = PBXFileReference; explicitFileType = wrapper.application; includeInIndex = 0; path = ShotSpotFinder.app; sourceTree = BUILT_PRODUCTS_DIR; };
		2BBDFE552F284A450045766E /* ShotSpotFinder-Info.plist */ = {isa = PBXFileReference; lastKnownFileType = text.plist; path = "ShotSpotFinder-Info.plist"; sourceTree = "<group>"; };
		2BBDFE562F284AD50045766E /* SpotListViewModel.swift */ = {isa = PBXFileReference; lastKnownFileType = sourcecode.swift; path = SpotListViewModel.swift; sourceTree = "<group>"; };
		2BBDFE572F284B120045766E /* SpotListView.swift */ = {isa = PBXFileReference; lastKnownFileType = sourcecode.swift; path = SpotListView.swift; sourceTree = "<group>"; };
/* End PBXFileReference section */

/* Begin PBXFrameworksBuildPhase section */
		2BBDFE352F2845950045766E /* Frameworks */ = {
			isa = PBXFrameworksBuildPhase;
			buildActionMask = 2147483647;
			files = (
			);
			runOnlyForDeploymentPostprocessing = 0;
		};
/* End PBXFrameworksBuildPhase section */

/* Begin PBXGroup section */
		2BBDFE2F2F2845950045766E = {
			isa = PBXGroup;
			children = (
				2BBDFE552F284A450045766E /* ShotSpotFinder-Info.plist */,
				2BBDFE4A2F2846AB0045766E /* Utilities */,
				2BBDFE492F28469E0045766E /* Services */,
				2BBDFE482F2846920045766E /* ViewModels */,
				2BBDFE472F2846770045766E /* Views */,
				2BBDFE462F2845DF0045766E /* Models */,
				2BBDFE4B2F2846CF0045766E /* Assets.xcassets */,
				2BBDFE4C2F2846CF0045766E /* ContentView.swift */,
				2BBDFE4D2F2846CF0045766E /* ShotSpotFinderApp.swift */,
				2BBDFE542F284A270045766E /* ShotSpotFinder.app */,
			);
			sourceTree = "<group>";
		};
		2BBDFE462F2845DF0045766E /* Models */ = {
			isa = PBXGroup;
			children = (
				2BBDFE522F2847080045766E /* PhotoSpot.swift */,
			);
			path = Models;
			sourceTree = "<group>";
		};
		2BBDFE472F2846770045766E /* Views */ = {
			isa = PBXGroup;
			children = (
				2BBDFE572F284B120045766E /* SpotListView.swift */,
			);
			path = Views;
			sourceTree = "<group>";
		};
		2BBDFE482F2846920045766E /* ViewModels */ = {
			isa = PBXGroup;
			children = (
				2BBDFE562F284AD50045766E /* SpotListViewModel.swift */,
			);
			path = ViewModels;
			sourceTree = "<group>";
		};
		2BBDFE492F28469E0045766E /* Services */ = {
			isa = PBXGroup;
			children = (
				2BBDFE532F2848FA0045766E /* APIService.swift */,
			);
			path = Services;
			sourceTree = "<group>";
		};
		2BBDFE4A2F2846AB0045766E /* Utilities */ = {
			isa = PBXGroup;
			children = (
			);
			path = Utilities;
			sourceTree = "<group>";
		};
/* End PBXGroup section */

/* Begin PBXNativeTarget section */
		2BBDFE372F2845950045766E /* ShotSpotFinder */ = {
			isa = PBXNativeTarget;
			buildConfigurationList = 2BBDFE432F2845960045766E /* Build configuration list for PBXNativeTarget "ShotSpotFinder" */;
			buildPhases = (
				2BBDFE342F2845950045766E /* Sources */,
				2BBDFE352F2845950045766E /* Frameworks */,
				2BBDFE362F2845950045766E /* Resources */,
			);
			buildRules = (
			);
			dependencies = (
			);
			name = ShotSpotFinder;
			packageProductDependencies = (
			);
			productName = ShotSpotFinder;
			productReference = 2BBDFE542F284A270045766E /* ShotSpotFinder.app */;
			productType = "com.apple.product-type.application";
		};
/* End PBXNativeTarget section */

/* Begin PBXProject section */
		2BBDFE302F2845950045766E /* Project object */ = {
			isa = PBXProject;
			attributes = {
				BuildIndependentTargetsInParallel = 1;
				LastSwiftUpdateCheck = 2620;
				LastUpgradeCheck = 2620;
				TargetAttributes = {
					2BBDFE372F2845950045766E = {
						CreatedOnToolsVersion = 26.2;
					};
				};
			};
			buildConfigurationList = 2BBDFE332F2845950045766E /* Build configuration list for PBXProject "ShotSpotFinder" */;
			developmentRegion = en;
			hasScannedForEncodings = 0;
			knownRegions = (
				en,
				Base,
			);
			mainGroup = 2BBDFE2F2F2845950045766E;
			minimizedProjectReferenceProxies = 1;
			preferredProjectObjectVersion = 77;
			productRefGroup = 2BBDFE2F2F2845950045766E;
			projectDirPath = "";
			projectRoot = "";
			targets = (
				2BBDFE372F2845950045766E /* ShotSpotFinder */,
			);
		};
/* End PBXProject section */

/* Begin PBXResourcesBuildPhase section */
		2BBDFE362F2845950045766E /* Resources */ = {
			isa = PBXResourcesBuildPhase;
			buildActionMask = 2147483647;
			files = (
				2BBDFE512F2846CF0045766E /* Assets.xcassets in Resources */,
			);
			runOnlyForDeploymentPostprocessing = 0;
		};
/* End PBXResourcesBuildPhase section */

/* Begin PBXSourcesBuildPhase section */
		2BBDFE342F2845950045766E /* Sources */ = {
			isa = PBXSourcesBuildPhase;
			buildActionMask = 2147483647;
			files = (
				2BBDFE592F284C6F0045766E /* SpotListViewModel.swift in Sources */,
				2BBDFE5A2F284C790045766E /* APIService.swift in Sources */,
				2BBDFE582F284C5F0045766E /* SpotListView.swift in Sources */,
				2BBDFE4F2F2846CF0045766E /* ContentView.swift in Sources */,
				2BBDFE5B2F284C830045766E /* PhotoSpot.swift in Sources */,
				2BBDFE502F2846CF0045766E /* ShotSpotFinderApp.swift in Sources */,
			);
			runOnlyForDeploymentPostprocessing = 0;
		};
/* End PBXSourcesBuildPhase section */

/* Begin XCBuildConfiguration section */
		2BBDFE412F2845960045766E /* Debug */ = {
			isa = XCBuildConfiguration;
			buildSettings = {
				ALWAYS_SEARCH_USER_PATHS = NO;
				ASSETCATALOG_COMPILER_GENERATE_SWIFT_ASSET_SYMBOL_EXTENSIONS = YES;
				CLANG_ANALYZER_NONNULL = YES;
				CLANG_ANALYZER_NUMBER_OBJECT_CONVERSION = YES_AGGRESSIVE;
				CLANG_CXX_LANGUAGE_STANDARD = "gnu++20";
				CLANG_ENABLE_MODULES = YES;
				CLANG_ENABLE_OBJC_ARC = YES;
				CLANG_ENABLE_OBJC_WEAK = YES;
				CLANG_WARN_BLOCK_CAPTURE_AUTORELEASING = YES;
				CLANG_WARN_BOOL_CONVERSION = YES;
				CLANG_WARN_COMMA = YES;
				CLANG_WARN_CONSTANT_CONVERSION = YES;
				CLANG_WARN_DEPRECATED_OBJC_IMPLEMENTATIONS = YES;
				CLANG_WARN_DIRECT_OBJC_ISA_USAGE = YES_ERROR;
				CLANG_WARN_DOCUMENTATION_COMMENTS = YES;
				CLANG_WARN_EMPTY_BODY = YES;
				CLANG_WARN_ENUM_CONVERSION = YES;
				CLANG_WARN_INFINITE_RECURSION = YES;
				CLANG_WARN_INT_CONVERSION = YES;
				CLANG_WARN_NON_LITERAL_NULL_CONVERSION = YES;
				CLANG_WARN_OBJC_IMPLICIT_RETAIN_SELF = YES;
				CLANG_WARN_OBJC_LITERAL_CONVERSION = YES;
				CLANG_WARN_OBJC_ROOT_CLASS = YES_ERROR;
				CLANG_WARN_QUOTED_INCLUDE_IN_FRAMEWORK_HEADER = YES;
				CLANG_WARN_RANGE_LOOP_ANALYSIS = YES;
				CLANG_WARN_STRICT_PROTOTYPES = YES;
				CLANG_WARN_SUSPICIOUS_MOVE = YES;
				CLANG_WARN_UNGUARDED_AVAILABILITY = YES_AGGRESSIVE;
				CLANG_WARN_UNREACHABLE_CODE = YES;
				CLANG_WARN__DUPLICATE_METHOD_MATCH = YES;
				COPY_PHASE_STRIP = NO;
				DEBUG_INFORMATION_FORMAT = dwarf;
				ENABLE_STRICT_OBJC_MSGSEND = YES;
				ENABLE_TESTABILITY = YES;
				ENABLE_USER_SCRIPT_SANDBOXING = YES;
				GCC_C_LANGUAGE_STANDARD = gnu17;
				GCC_DYNAMIC_NO_PIC = NO;
				GCC_NO_COMMON_BLOCKS = YES;
				GCC_OPTIMIZATION_LEVEL = 0;
				GCC_PREPROCESSOR_DEFINITIONS = (
					"DEBUG=1",
					"$(inherited)",
				);
				GCC_WARN_64_TO_32_BIT_CONVERSION = YES;
				GCC_WARN_ABOUT_RETURN_TYPE = YES_ERROR;
				GCC_WARN_UNDECLARED_SELECTOR = YES;
				GCC_WARN_UNINITIALIZED_AUTOS = YES_AGGRESSIVE;
				GCC_WARN_UNUSED_FUNCTION = YES;
				GCC_WARN_UNUSED_VARIABLE = YES;
				IPHONEOS_DEPLOYMENT_TARGET = 26.2;
				LOCALIZATION_PREFERS_STRING_CATALOGS = YES;
				MTL_ENABLE_DEBUG_INFO = INCLUDE_SOURCE;
				MTL_FAST_MATH = YES;
				ONLY_ACTIVE_ARCH = YES;
				SDKROOT = iphoneos;
				SWIFT_ACTIVE_COMPILATION_CONDITIONS = "DEBUG $(inherited)";
				SWIFT_OPTIMIZATION_LEVEL = "-Onone";
			};
			name = Debug;
		};
		2BBDFE422F2845960045766E /* Release */ = {
			isa = XCBuildConfiguration;
			buildSettings = {
				ALWAYS_SEARCH_USER_PATHS = NO;
				ASSETCATALOG_COMPILER_GENERATE_SWIFT_ASSET_SYMBOL_EXTENSIONS = YES;
				CLANG_ANALYZER_NONNULL = YES;
				CLANG_ANALYZER_NUMBER_OBJECT_CONVERSION = YES_AGGRESSIVE;
				CLANG_CXX_LANGUAGE_STANDARD = "gnu++20";
				CLANG_ENABLE_MODULES = YES;
				CLANG_ENABLE_OBJC_ARC = YES;
				CLANG_ENABLE_OBJC_WEAK = YES;
				CLANG_WARN_BLOCK_CAPTURE_AUTORELEASING = YES;
				CLANG_WARN_BOOL_CONVERSION = YES;
				CLANG_WARN_COMMA = YES;
				CLANG_WARN_CONSTANT_CONVERSION = YES;
				CLANG_WARN_DEPRECATED_OBJC_IMPLEMENTATIONS = YES;
				CLANG_WARN_DIRECT_OBJC_ISA_USAGE = YES_ERROR;
				CLANG_WARN_DOCUMENTATION_COMMENTS = YES;
				CLANG_WARN_EMPTY_BODY = YES;
				CLANG_WARN_ENUM_CONVERSION = YES;
				CLANG_WARN_INFINITE_RECURSION = YES;
				CLANG_WARN_INT_CONVERSION = YES;
				CLANG_WARN_NON_LITERAL_NULL_CONVERSION = YES;
				CLANG_WARN_OBJC_IMPLICIT_RETAIN_SELF = YES;
				CLANG_WARN_OBJC_LITERAL_CONVERSION = YES;
				CLANG_WARN_OBJC_ROOT_CLASS = YES_ERROR;
				CLANG_WARN_QUOTED_INCLUDE_IN_FRAMEWORK_HEADER = YES;
				CLANG_WARN_RANGE_LOOP_ANALYSIS = YES;
				CLANG_WARN_STRICT_PROTOTYPES = YES;
				CLANG_WARN_SUSPICIOUS_MOVE = YES;
				CLANG_WARN_UNGUARDED_AVAILABILITY = YES_AGGRESSIVE;
				CLANG_WARN_UNREACHABLE_CODE = YES;
				CLANG_WARN__DUPLICATE_METHOD_MATCH = YES;
				COPY_PHASE_STRIP = NO;
				DEBUG_INFORMATION_FORMAT = "dwarf-with-dsym";
				ENABLE_NS_ASSERTIONS = NO;
				ENABLE_STRICT_OBJC_MSGSEND = YES;
				ENABLE_USER_SCRIPT_SANDBOXING = YES;
				GCC_C_LANGUAGE_STANDARD = gnu17;
				GCC_NO_COMMON_BLOCKS = YES;
				GCC_WARN_64_TO_32_BIT_CONVERSION = YES;
				GCC_WARN_ABOUT_RETURN_TYPE = YES_ERROR;
				GCC_WARN_UNDECLARED_SELECTOR = YES;
				GCC_WARN_UNINITIALIZED_AUTOS = YES_AGGRESSIVE;
				GCC_WARN_UNUSED_FUNCTION = YES;
				GCC_WARN_UNUSED_VARIABLE = YES;
				IPHONEOS_DEPLOYMENT_TARGET = 26.2;
				LOCALIZATION_PREFERS_STRING_CATALOGS = YES;
				MTL_ENABLE_DEBUG_INFO = NO;
				MTL_FAST_MATH = YES;
				SDKROOT = iphoneos;
				SWIFT_COMPILATION_MODE = wholemodule;
				VALIDATE_PRODUCT = YES;
			};
			name = Release;
		};
		2BBDFE442F2845960045766E /* Debug */ = {
			isa = XCBuildConfiguration;
			buildSettings = {
				ASSETCATALOG_COMPILER_APPICON_NAME = AppIcon;
				ASSETCATALOG_COMPILER_GLOBAL_ACCENT_COLOR_NAME = AccentColor;
				CODE_SIGN_STYLE = Automatic;
				CURRENT_PROJECT_VERSION = 1;
				ENABLE_PREVIEWS = YES;
				GENERATE_INFOPLIST_FILE = YES;
				INFOPLIST_FILE = "ShotSpotFinder-Info.plist";
				INFOPLIST_KEY_UIApplicationSceneManifest_Generation = YES;
				INFOPLIST_KEY_UIApplicationSupportsIndirectInputEvents = YES;
				INFOPLIST_KEY_UILaunchScreen_Generation = YES;
				INFOPLIST_KEY_UISupportedInterfaceOrientations_iPad = "UIInterfaceOrientationPortrait UIInterfaceOrientationPortraitUpsideDown UIInterfaceOrientationLandscapeLeft UIInterfaceOrientationLandscapeRight";
				INFOPLIST_KEY_UISupportedInterfaceOrientations_iPhone = "UIInterfaceOrientationPortrait UIInterfaceOrientationLandscapeLeft UIInterfaceOrientationLandscapeRight";
				LD_RUNPATH_SEARCH_PATHS = (
					"$(inherited)",
					"@executable_path/Frameworks",
				);
				MARKETING_VERSION = 1.0;
				PRODUCT_BUNDLE_IDENTIFIER = com.lareinaLY.ShotSpotFinder;
				PRODUCT_NAME = "$(TARGET_NAME)";
				STRING_CATALOG_GENERATE_SYMBOLS = YES;
				SWIFT_APPROACHABLE_CONCURRENCY = YES;
				SWIFT_DEFAULT_ACTOR_ISOLATION = MainActor;
				SWIFT_EMIT_LOC_STRINGS = YES;
				SWIFT_UPCOMING_FEATURE_MEMBER_IMPORT_VISIBILITY = YES;
				SWIFT_VERSION = 5.0;
				TARGETED_DEVICE_FAMILY = "1,2";
			};
			name = Debug;
		};
		2BBDFE452F2845960045766E /* Release */ = {
			isa = XCBuildConfiguration;
			buildSettings = {
				ASSETCATALOG_COMPILER_APPICON_NAME = AppIcon;
				ASSETCATALOG_COMPILER_GLOBAL_ACCENT_COLOR_NAME = AccentColor;
				CODE_SIGN_STYLE = Automatic;
				CURRENT_PROJECT_VERSION = 1;
				ENABLE_PREVIEWS = YES;
				GENERATE_INFOPLIST_FILE = YES;
				INFOPLIST_FILE = "ShotSpotFinder-Info.plist";
				INFOPLIST_KEY_UIApplicationSceneManifest_Generation = YES;
				INFOPLIST_KEY_UIApplicationSupportsIndirectInputEvents = YES;
				INFOPLIST_KEY_UILaunchScreen_Generation = YES;
				INFOPLIST_KEY_UISupportedInterfaceOrientations_iPad = "UIInterfaceOrientationPortrait UIInterfaceOrientationPortraitUpsideDown UIInterfaceOrientationLandscapeLeft UIInterfaceOrientationLandscapeRight";
				INFOPLIST_KEY_UISupportedInterfaceOrientations_iPhone = "UIInterfaceOrientationPortrait UIInterfaceOrientationLandscapeLeft UIInterfaceOrientationLandscapeRight";
				LD_RUNPATH_SEARCH_PATHS = (
					"$(inherited)",
					"@executable_path/Frameworks",
				);
				MARKETING_VERSION = 1.0;
				PRODUCT_BUNDLE_IDENTIFIER = com.lareinaLY.ShotSpotFinder;
				PRODUCT_NAME = "$(TARGET_NAME)";
				STRING_CATALOG_GENERATE_SYMBOLS = YES;
				SWIFT_APPROACHABLE_CONCURRENCY = YES;
				SWIFT_DEFAULT_ACTOR_ISOLATION = MainActor;
				SWIFT_EMIT_LOC_STRINGS = YES;
				SWIFT_UPCOMING_FEATURE_MEMBER_IMPORT_VISIBILITY = YES;
				SWIFT_VERSION = 5.0;
				TARGETED_DEVICE_FAMILY = "1,2";
			};
			name = Release;
		};
/* End XCBuildConfiguration section */

/* Begin XCConfigurationList section */
		2BBDFE332F2845950045766E /* Build configuration list for PBXProject "ShotSpotFinder" */ = {
			isa = XCConfigurationList;
			buildConfigurations = (
				2BBDFE412F2845960045766E /* Debug */,
				2BBDFE422F2845960045766E /* Release */,
			);
			defaultConfigurationIsVisible = 0;
			defaultConfigurationName = Release;
		};
		2BBDFE432F2845960045766E /* Build configuration list for PBXNativeTarget "ShotSpotFinder" */ = {
			isa = XCConfigurationList;
			buildConfigurations = (
				2BBDFE442F2845960045766E /* Debug */,
				2BBDFE452F2845960045766E /* Release */,
			);
			defaultConfigurationIsVisible = 0;
			defaultConfigurationName = Release;
		};
/* End XCConfigurationList section */
	};
	rootObject = 2BBDFE302F2845950045766E /* Project object */;
}
